
Microsoft Visual Studio Solution File, Format Version 12.00
# Visual Studio Version 16
VisualStudioVersion = 16.0.29709.97
MinimumVisualStudioVersion = 10.0.40219.1
Project("{FAE04EC0-301F-11D3-BF4B-00C04F79EFBC}") = "SQLInjection", "SQLInjection\SQLInjection.csproj", "{714B0517-2553-44D0-A5CD-E18CE1ACAEE3}"
EndProject
Global
	GlobalSection(SolutionConfigurationPlatforms) = preSolution
		Debug|Any CPU = Debug|Any CPU
		Release|Any CPU = Release|Any CPU
	EndGlobalSection
	GlobalSection(ProjectConfigurationPlatforms) = postSolution
		{714B0517-2553-44D0-A5CD-E18CE1ACAEE3}.Debug|Any CPU.ActiveCfg = Debug|Any CPU
		{714B0517-2553-44D0-A5CD-E18CE1ACAEE3}.Debug|Any CPU.Build.0 = Debug|Any CPU
		{714B0517-2553-44D0-A5CD-E18CE1ACAEE3}.Release|Any CPU.ActiveCfg = Release|Any CPU
		{714B0517-2553-44D0-A5CD-E18CE1ACAEE3}.Release|Any CPU.Build.0 = Release|Any CPU
	EndGlobalSection
	GlobalSection(SolutionProperties) = preSolution
		HideSolutionNode = FALSE
	EndGlobalSection
	GlobalSection(ExtensibilityGlobals) = postSolution
		SolutionGuid = {6B54C771-8D80-4A35-B4E6-1B16DB5E4F28}
	EndGlobalSection
EndGlobal
